
Microsoft Visual Studio Solution File, Format Version 12.00
# Visual Studio 15
VisualStudioVersion = 15.0.27130.2027
MinimumVisualStudioVersion = 10.0.40219.1
Project("{FAE04EC0-301F-11D3-BF4B-00C04F79EFBC}") = "ReactCrudDemo", "ReactCrudDemo\ReactCrudDemo.csproj", "{1A8C7835-FF73-4908-93BA-04900EFF697C}"
EndProject
Global
	GlobalSection(SolutionConfigurationPlatforms) = preSolution
		Debug|Any CPU = Debug|Any CPU
		Release|Any CPU = Release|Any CPU
	EndGlobalSection
	GlobalSection(ProjectConfigurationPlatforms) = postSolution
		{1A8C7835-FF73-4908-93BA-04900EFF697C}.Debug|Any CPU.ActiveCfg = Debug|Any CPU
		{1A8C7835-FF73-4908-93BA-04900EFF697C}.Debug|Any CPU.Build.0 = Debug|Any CPU
		{1A8C7835-FF73-4908-93BA-04900EFF697C}.Release|Any CPU.ActiveCfg = Release|Any CPU
		{1A8C7835-FF73-4908-93BA-04900EFF697C}.Release|Any CPU.Build.0 = Release|Any CPU
	EndGlobalSection
	GlobalSection(SolutionProperties) = preSolution
		HideSolutionNode = FALSE
	EndGlobalSection
	GlobalSection(ExtensibilityGlobals) = postSolution
		SolutionGuid = {D406701A-8557-4CD4-877B-3D2CA33399A2}
	EndGlobalSection
EndGlobal
